
Microsoft Visual Studio Solution File, Format Version 12.00
# Visual Studio 15
VisualStudioVersion = 15.0.28307.1340
MinimumVisualStudioVersion = 10.0.40219.1
Project("{FAE04EC0-301F-11D3-BF4B-00C04F79EFBC}") = "StoreFront.UI.MVC", "StoreFront.UI.MVC\StoreFront.UI.MVC.csproj", "{B0DD674E-736A-471C-BB19-720727411C65}"
EndProject
Project("{FAE04EC0-301F-11D3-BF4B-00C04F79EFBC}") = "StoreFront.DATA.EF", "StoreFront.DATA.EF\StoreFront.DATA.EF.csproj", "{3735979A-D729-4E03-8585-E0186DA27EB3}"
EndProject
Global
	GlobalSection(SolutionConfigurationPlatforms) = preSolution
		Debug|Any CPU = Debug|Any CPU
		Release|Any CPU = Release|Any CPU
	EndGlobalSection
	GlobalSection(ProjectConfigurationPlatforms) = postSolution
		{B0DD674E-736A-471C-BB19-720727411C65}.Debug|Any CPU.ActiveCfg = Debug|Any CPU
		{B0DD674E-736A-471C-BB19-720727411C65}.Debug|Any CPU.Build.0 = Debug|Any CPU
		{B0DD674E-736A-471C-BB19-720727411C65}.Release|Any CPU.ActiveCfg = Release|Any CPU
		{B0DD674E-736A-471C-BB19-720727411C65}.Release|Any CPU.Build.0 = Release|Any CPU
		{3735979A-D729-4E03-8585-E0186DA27EB3}.Debug|Any CPU.ActiveCfg = Debug|Any CPU
		{3735979A-D729-4E03-8585-E0186DA27EB3}.Debug|Any CPU.Build.0 = Debug|Any CPU
		{3735979A-D729-4E03-8585-E0186DA27EB3}.Release|Any CPU.ActiveCfg = Release|Any CPU
		{3735979A-D729-4E03-8585-E0186DA27EB3}.Release|Any CPU.Build.0 = Release|Any CPU
	EndGlobalSection
	GlobalSection(SolutionProperties) = preSolution
		HideSolutionNode = FALSE
	EndGlobalSection
	GlobalSection(ExtensibilityGlobals) = postSolution
		SolutionGuid = {285136D3-7C68-42C0-9444-62D678F20954}
	EndGlobalSection
EndGlobal
